Microsoft Visual Studio Solution File, Format Version 12.00
# Visual Studio Version 17
VisualStudioVersion = 17.5.2.0
MinimumVisualStudioVersion = 10.0.40219.1
Project("{FAE04EC0-301F-11D3-BF4B-00C04F79EFBC}") = "StringAndDataFormat", "StringAndDataFormat.csproj", "{B132AC62-DF97-1958-4D63-5E7D3817236D}"
EndProject
Project("{FAE04EC0-301F-11D3-BF4B-00C04F79EFBC}") = "BankSystem", "..\BankSystem\BankSystem.csproj", "{F3A95F4C-3F44-41E1-BEF8-B9161CAC5FC1}"
EndProject
Global
	GlobalSection(SolutionConfigurationPlatforms) = preSolution
		Debug|Any CPU = Debug|Any CPU
		Release|Any CPU = Release|Any CPU
	EndGlobalSection
	GlobalSection(ProjectConfigurationPlatforms) = postSolution
		{B132AC62-DF97-1958-4D63-5E7D3817236D}.Debug|Any CPU.ActiveCfg = Debug|Any CPU
		{B132AC62-DF97-1958-4D63-5E7D3817236D}.Debug|Any CPU.Build.0 = Debug|Any CPU
		{B132AC62-DF97-1958-4D63-5E7D3817236D}.Release|Any CPU.ActiveCfg = Release|Any CPU
		{B132AC62-DF97-1958-4D63-5E7D3817236D}.Release|Any CPU.Build.0 = Release|Any CPU
		{F3A95F4C-3F44-41E1-BEF8-B9161CAC5FC1}.Debug|Any CPU.ActiveCfg = Debug|Any CPU
		{F3A95F4C-3F44-41E1-BEF8-B9161CAC5FC1}.Debug|Any CPU.Build.0 = Debug|Any CPU
		{F3A95F4C-3F44-41E1-BEF8-B9161CAC5FC1}.Release|Any CPU.ActiveCfg = Release|Any CPU
		{F3A95F4C-3F44-41E1-BEF8-B9161CAC5FC1}.Release|Any CPU.Build.0 = Release|Any CPU
	EndGlobalSection
	GlobalSection(SolutionProperties) = preSolution
		HideSolutionNode = FALSE
	EndGlobalSection
	GlobalSection(ExtensibilityGlobals) = postSolution
		SolutionGuid = {F3CF730F-A708-4F37-BDD6-D184CA8017DB}
	EndGlobalSection
EndGlobal
