Microsoft Visual Studio Solution File, Format Version 12.00
# Visual Studio Version 17
VisualStudioVersion = 17.5.2.0
MinimumVisualStudioVersion = 10.0.40219.1
Project("{FAE04EC0-301F-11D3-BF4B-00C04F79EFBC}") = "BancoCharpLibs", "BancoCharpLibs.csproj", "{07B3E6F3-1B5F-425A-E3FA-D665ECBAB5F1}"
EndProject
Project("{FAE04EC0-301F-11D3-BF4B-00C04F79EFBC}") = "CollectionsLINQ", "..\CollectionsLINQ\CollectionsLINQ.csproj", "{6CBD57A1-3F48-4EDF-A85D-EAFFDC69205E}"
EndProject
Global
	GlobalSection(SolutionConfigurationPlatforms) = preSolution
		Debug|Any CPU = Debug|Any CPU
		Release|Any CPU = Release|Any CPU
	EndGlobalSection
	GlobalSection(ProjectConfigurationPlatforms) = postSolution
		{07B3E6F3-1B5F-425A-E3FA-D665ECBAB5F1}.Debug|Any CPU.ActiveCfg = Debug|Any CPU
		{07B3E6F3-1B5F-425A-E3FA-D665ECBAB5F1}.Debug|Any CPU.Build.0 = Debug|Any CPU
		{07B3E6F3-1B5F-425A-E3FA-D665ECBAB5F1}.Release|Any CPU.ActiveCfg = Release|Any CPU
		{07B3E6F3-1B5F-425A-E3FA-D665ECBAB5F1}.Release|Any CPU.Build.0 = Release|Any CPU
		{6CBD57A1-3F48-4EDF-A85D-EAFFDC69205E}.Debug|Any CPU.ActiveCfg = Debug|Any CPU
		{6CBD57A1-3F48-4EDF-A85D-EAFFDC69205E}.Debug|Any CPU.Build.0 = Debug|Any CPU
		{6CBD57A1-3F48-4EDF-A85D-EAFFDC69205E}.Release|Any CPU.ActiveCfg = Release|Any CPU
		{6CBD57A1-3F48-4EDF-A85D-EAFFDC69205E}.Release|Any CPU.Build.0 = Release|Any CPU
	EndGlobalSection
	GlobalSection(SolutionProperties) = preSolution
		HideSolutionNode = FALSE
	EndGlobalSection
	GlobalSection(ExtensibilityGlobals) = postSolution
		SolutionGuid = {80AA4EC6-D40A-4F19-91E0-128B7FA19BDA}
	EndGlobalSection
EndGlobal
